# @generated by Move, please check-in and do not edit manually.

[move]
version = 2
manifest_digest = "3EDA9C5A499E5804E835A087AEF22B921DE07F06727B8304042057CA015CFB9C"
deps_digest = "F8BBB0CCB2491CA29A3DF03D6F92277A4F3574266507ACD77214D37ECA3F3082"
dependencies = [
  { name = "Sui" },
]

[[move.package]]
name = "MoveStdlib"
source = { git = "https://github.com/MystenLabs/sui.git", rev = "framework/testnet", subdir = "crates/sui-framework/packages/move-stdlib" }

[[move.package]]
name = "Sui"
source = { git = "https://github.com/MystenLabs/sui.git", rev = "framework/testnet", subdir = "crates/sui-framework/packages/sui-framework" }

dependencies = [
  { name = "MoveStdlib" },
]

[move.toolchain-version]
compiler-version = "1.25.1"
edition = "2024.beta"
flavor = "sui"

[env]

[env.test]
chain-id = "4c78adac"
original-published-id = "0xaa7df1bce4e7519e1e998ba3593f3533963bb37b6cc8db2907caa569a2145a88"
latest-published-id = "0xaa7df1bce4e7519e1e998ba3593f3533963bb37b6cc8db2907caa569a2145a88"
published-version = "1"
